
Microsoft Visual Studio Solution File, Format Version 11.00
# Visual Studio 2010
Project("{FAE04EC0-301F-11D3-BF4B-00C04F79EFBC}") = "thefutureofeducation", "Assembly-CSharp-firstpass.csproj", "{A6A23839-00FD-620A-1DF4-9B5905E96718}"
EndProject
Project("{FAE04EC0-301F-11D3-BF4B-00C04F79EFBC}") = "thefutureofeducation", "Assembly-CSharp.csproj", "{6CA024E3-6294-B738-AC9A-93635CCB3300}"
EndProject
Global
	GlobalSection(SolutionConfigurationPlatforms) = preSolution
		Debug|Any CPU = Debug|Any CPU
		Release|Any CPU = Release|Any CPU
	EndGlobalSection
	GlobalSection(ProjectConfigurationPlatforms) = postSolution
		{A6A23839-00FD-620A-1DF4-9B5905E96718}.Debug|Any CPU.ActiveCfg = Debug|Any CPU
		{A6A23839-00FD-620A-1DF4-9B5905E96718}.Debug|Any CPU.Build.0 = Debug|Any CPU
		{A6A23839-00FD-620A-1DF4-9B5905E96718}.Release|Any CPU.ActiveCfg = Release|Any CPU
		{A6A23839-00FD-620A-1DF4-9B5905E96718}.Release|Any CPU.Build.0 = Release|Any CPU
		{6CA024E3-6294-B738-AC9A-93635CCB3300}.Debug|Any CPU.ActiveCfg = Debug|Any CPU
		{6CA024E3-6294-B738-AC9A-93635CCB3300}.Debug|Any CPU.Build.0 = Debug|Any CPU
		{6CA024E3-6294-B738-AC9A-93635CCB3300}.Release|Any CPU.ActiveCfg = Release|Any CPU
		{6CA024E3-6294-B738-AC9A-93635CCB3300}.Release|Any CPU.Build.0 = Release|Any CPU
	EndGlobalSection
	GlobalSection(SolutionProperties) = preSolution
		HideSolutionNode = FALSE
	EndGlobalSection
	GlobalSection(MonoDevelopProperties) = preSolution
		StartupItem = Assembly-CSharp.csproj
	EndGlobalSection
EndGlobal
